
Microsoft Visual Studio Solution File, Format Version 10.00
# Visual Studio 2008
Project("{E24C65DC-7377-472B-9ABA-BC803B73C61A}") = "Web_Inventario", "..\", "{CEF35EB7-2B6D-48C7-A377-50B2AE55CE51}"
	ProjectSection(WebsiteProperties) = preProject
		TargetFramework = "3.5"
		Debug.AspNetCompiler.VirtualPath = "/Web_Inventario"
		Debug.AspNetCompiler.PhysicalPath = "..\..\Web_Inventario\"
		Debug.AspNetCompiler.TargetPath = "PrecompiledWeb\Web_Inventario\"
		Debug.AspNetCompiler.Updateable = "true"
		Debug.AspNetCompiler.ForceOverwrite = "true"
		Debug.AspNetCompiler.FixedNames = "false"
		Debug.AspNetCompiler.Debug = "True"
		Release.AspNetCompiler.VirtualPath = "/Web_Inventario"
		Release.AspNetCompiler.PhysicalPath = "..\..\Web_Inventario\"
		Release.AspNetCompiler.TargetPath = "PrecompiledWeb\Web_Inventario\"
		Release.AspNetCompiler.Updateable = "true"
		Release.AspNetCompiler.ForceOverwrite = "true"
		Release.AspNetCompiler.FixedNames = "false"
		Release.AspNetCompiler.Debug = "False"
		VWDPort = "64907"
	EndProjectSection
EndProject
Global
	GlobalSection(SolutionConfigurationPlatforms) = preSolution
		Debug|Any CPU = Debug|Any CPU
	EndGlobalSection
	GlobalSection(ProjectConfigurationPlatforms) = postSolution
		{CEF35EB7-2B6D-48C7-A377-50B2AE55CE51}.Debug|Any CPU.ActiveCfg = Debug|Any CPU
		{CEF35EB7-2B6D-48C7-A377-50B2AE55CE51}.Debug|Any CPU.Build.0 = Debug|Any CPU
	EndGlobalSection
	GlobalSection(SolutionProperties) = preSolution
		HideSolutionNode = FALSE
	EndGlobalSection
EndGlobal
